# This file is generated by running "yarn install" inside your project.
# Manual changes might be lost - proceed with caution!

__metadata:
  version: 6

"a@workspace:packages/a":
  version: 0.0.0-use.local
  resolution: "a@workspace:packages/a"
  languageName: unknown
  linkType: soft

"turbo-issue-3766@workspace:.":
  version: 0.0.0-use.local
  resolution: "turbo-issue-3766@workspace:."
  languageName: unknown
  linkType: soft
